
Microsoft Visual Studio Solution File, Format Version 12.00
# Visual Studio 15
VisualStudioVersion = 15.0.27130.2010
MinimumVisualStudioVersion = 10.0.40219.1
Project("{888888A0-9F3D-457C-B088-3A5042F75D52}") = "InterviewPrep", "InterviewPrep\InterviewPrep.pyproj", "{3F74EE51-93BA-4214-A89B-CF480B6E54F0}"
EndProject
Global
	GlobalSection(SolutionConfigurationPlatforms) = preSolution
		Debug|Any CPU = Debug|Any CPU
		Release|Any CPU = Release|Any CPU
	EndGlobalSection
	GlobalSection(ProjectConfigurationPlatforms) = postSolution
		{3F74EE51-93BA-4214-A89B-CF480B6E54F0}.Debug|Any CPU.ActiveCfg = Debug|Any CPU
		{3F74EE51-93BA-4214-A89B-CF480B6E54F0}.Release|Any CPU.ActiveCfg = Release|Any CPU
	EndGlobalSection
	GlobalSection(SolutionProperties) = preSolution
		HideSolutionNode = FALSE
	EndGlobalSection
	GlobalSection(ExtensibilityGlobals) = postSolution
		SolutionGuid = {BC1F69E0-5458-4CE6-A66E-FE57F76C5557}
	EndGlobalSection
EndGlobal
